
Microsoft Visual Studio Solution File, Format Version 11.00
# Visual Studio 2010
Project("{FAE04EC0-301F-11D3-BF4B-00C04F79EFBC}") = "Assembly-CSharp", "Assembly-CSharp.csproj", "{EFF699E2-5FB2-9C9F-8A20-754F6C9DCCFE}"
EndProject
Global
	GlobalSection(SolutionConfigurationPlatforms) = preSolution
		Debug|Any CPU = Debug|Any CPU
		Release|Any CPU = Release|Any CPU
	EndGlobalSection
	GlobalSection(ProjectConfigurationPlatforms) = postSolution
		{EFF699E2-5FB2-9C9F-8A20-754F6C9DCCFE}.Debug|Any CPU.ActiveCfg = Debug|Any CPU
		{EFF699E2-5FB2-9C9F-8A20-754F6C9DCCFE}.Debug|Any CPU.Build.0 = Debug|Any CPU
		{EFF699E2-5FB2-9C9F-8A20-754F6C9DCCFE}.Release|Any CPU.ActiveCfg = Release|Any CPU
		{EFF699E2-5FB2-9C9F-8A20-754F6C9DCCFE}.Release|Any CPU.Build.0 = Release|Any CPU
	EndGlobalSection
	GlobalSection(SolutionProperties) = preSolution
		HideSolutionNode = FALSE
	EndGlobalSection
EndGlobal
